// !$*UTF8*$!
{
	archiveVersion = 1;
	classes = {
	};
	objectVersion = 46;
	objects = {

/* Begin PBXBuildFile section */
		03A5AB2E1EA9B1F500018063 /* lab1b-client.c in Sources */ = {isa = PBXBuildFile; fileRef = 03A5AB2D1EA9B1F500018063 /* lab1b-client.c */; };
		03A5AB351EA9B20C00018063 /* lab1b-server.c in Sources */ = {isa = PBXBuildFile; fileRef = 03A5AB341EA9B20C00018063 /* lab1b-server.c */; };
/* End PBXBuildFile section */

/* Begin PBXCopyFilesBuildPhase section */
		03A5AB281EA9B1F500018063 /* CopyFiles */ = {
			isa = PBXCopyFilesBuildPhase;
			buildActionMask = 2147483647;
			dstPath = /usr/share/man/man1/;
			dstSubfolderSpec = 0;
			files = (
			);
			runOnlyForDeploymentPostprocessing = 1;
		};
/* End PBXCopyFilesBuildPhase section */

/* Begin PBXFileReference section */
		03A5AB2A1EA9B1F500018063 /* Project_1b */ = {isa = PBXFileReference; explicitFileType = "compiled.mach-o.executable"; includeInIndex = 0; path = Project_1b; sourceTree = BUILT_PRODUCTS_DIR; };
		03A5AB2D1EA9B1F500018063 /* lab1b-client.c */ = {isa = PBXFileReference; lastKnownFileType = sourcecode.c.c; path = "lab1b-client.c"; sourceTree = "<group>"; };
		03A5AB341EA9B20C00018063 /* lab1b-server.c */ = {isa = PBXFileReference; fileEncoding = 4; lastKnownFileType = sourcecode.c.c; path = "lab1b-server.c"; sourceTree = "<group>"; };
/* End PBXFileReference section */

/* Begin PBXFrameworksBuildPhase section */
		03A5AB271EA9B1F500018063 /* Frameworks */ = {
			isa = PBXFrameworksBuildPhase;
			buildActionMask = 2147483647;
			files = (
			);
			runOnlyForDeploymentPostprocessing = 0;
		};
/* End PBXFrameworksBuildPhase section */

/* Begin PBXGroup section */
		03A5AB211EA9B1F500018063 = {
			isa = PBXGroup;
			children = (
				03A5AB2C1EA9B1F500018063 /* Project_1b */,
				03A5AB2B1EA9B1F500018063 /* Products */,
			);
			sourceTree = "<group>";
		};
		03A5AB2B1EA9B1F500018063 /* Products */ = {
			isa = PBXGroup;
			children = (
				03A5AB2A1EA9B1F500018063 /* Project_1b */,
			);
			name = Products;
			sourceTree = "<group>";
		};
		03A5AB2C1EA9B1F500018063 /* Project_1b */ = {
			isa = PBXGroup;
			children = (
				03A5AB2D1EA9B1F500018063 /* lab1b-client.c */,
				03A5AB341EA9B20C00018063 /* lab1b-server.c */,
			);
			path = Project_1b;
			sourceTree = "<group>";
		};
/* End PBXGroup section */

/* Begin PBXNativeTarget section */
		03A5AB291EA9B1F500018063 /* Project_1b */ = {
			isa = PBXNativeTarget;
			buildConfigurationList = 03A5AB311EA9B1F500018063 /* Build configuration list for PBXNativeTarget "Project_1b" */;
			buildPhases = (
				03A5AB261EA9B1F500018063 /* Sources */,
				03A5AB271EA9B1F500018063 /* Frameworks */,
				03A5AB281EA9B1F500018063 /* CopyFiles */,
			);
			buildRules = (
			);
			dependencies = (
			);
			name = Project_1b;
			productName = Project_1b;
			productReference = 03A5AB2A1EA9B1F500018063 /* Project_1b */;
			productType = "com.apple.product-type.tool";
		};
/* End PBXNativeTarget section */

/* Begin PBXProject section */
		03A5AB221EA9B1F500018063 /* Project object */ = {
			isa = PBXProject;
			attributes = {
				LastUpgradeCheck = 0830;
				ORGANIZATIONNAME = "Jason Less";
				TargetAttributes = {
					03A5AB291EA9B1F500018063 = {
						CreatedOnToolsVersion = 8.3.2;
						ProvisioningStyle = Automatic;
					};
				};
			};
			buildConfigurationList = 03A5AB251EA9B1F500018063 /* Build configuration list for PBXProject "Project_1b" */;
			compatibilityVersion = "Xcode 3.2";
			developmentRegion = English;
			hasScannedForEncodings = 0;
			knownRegions = (
				en,
			);
			mainGroup = 03A5AB211EA9B1F500018063;
			productRefGroup = 03A5AB2B1EA9B1F500018063 /* Products */;
			projectDirPath = "";
			projectRoot = "";
			targets = (
				03A5AB291EA9B1F500018063 /* Project_1b */,
			);
		};
/* End PBXProject section */

/* Begin PBXSourcesBuildPhase section */
		03A5AB261EA9B1F500018063 /* Sources */ = {
			isa = PBXSourcesBuildPhase;
			buildActionMask = 2147483647;
			files = (
				03A5AB2E1EA9B1F500018063 /* lab1b-client.c in Sources */,
				03A5AB351EA9B20C00018063 /* lab1b-server.c in Sources */,
			);
			runOnlyForDeploymentPostprocessing = 0;
		};
/* End PBXSourcesBuildPhase section */

/* Begin XCBuildConfiguration section */
		03A5AB2F1EA9B1F500018063 /* Debug */ = {
			isa = XCBuildConfiguration;
			buildSettings = {
				ALWAYS_SEARCH_USER_PATHS = NO;
				CLANG_ANALYZER_NONNULL = YES;
				CLANG_ANALYZER_NUMBER_OBJECT_CONVERSION = YES_AGGRESSIVE;
				CLANG_CXX_LANGUAGE_STANDARD = "gnu++0x";
				CLANG_CXX_LIBRARY = "libc++";
				CLANG_ENABLE_MODULES = YES;
				CLANG_ENABLE_OBJC_ARC = YES;
				CLANG_WARN_BOOL_CONVERSION = YES;
				CLANG_WARN_CONSTANT_CONVERSION = YES;
				CLANG_WARN_DIRECT_OBJC_ISA_USAGE = YES_ERROR;
				CLANG_WARN_DOCUMENTATION_COMMENTS = YES;
				CLANG_WARN_EMPTY_BODY = YES;
				CLANG_WARN_ENUM_CONVERSION = YES;
				CLANG_WARN_INFINITE_RECURSION = YES;
				CLANG_WARN_INT_CONVERSION = YES;
				CLANG_WARN_OBJC_ROOT_CLASS = YES_ERROR;
				CLANG_WARN_SUSPICIOUS_MOVE = YES;
				CLANG_WARN_UNREACHABLE_CODE = YES;
				CLANG_WARN__DUPLICATE_METHOD_MATCH = YES;
				CODE_SIGN_IDENTITY = "-";
				COPY_PHASE_STRIP = NO;
				DEBUG_INFORMATION_FORMAT = dwarf;
				ENABLE_STRICT_OBJC_MSGSEND = YES;
				ENABLE_TESTABILITY = YES;
				GCC_C_LANGUAGE_STANDARD = gnu99;
				GCC_DYNAMIC_NO_PIC = NO;
				GCC_NO_COMMON_BLOCKS = YES;
				GCC_OPTIMIZATION_LEVEL = 0;
				GCC_PREPROCESSOR_DEFINITIONS = (
					"DEBUG=1",
					"$(inherited)",
				);
				GCC_WARN_64_TO_32_BIT_CONVERSION = YES;
				GCC_WARN_ABOUT_RETURN_TYPE = YES_ERROR;
				GCC_WARN_UNDECLARED_SELECTOR = YES;
				GCC_WARN_UNINITIALIZED_AUTOS = YES_AGGRESSIVE;
				GCC_WARN_UNUSED_FUNCTION = YES;
				GCC_WARN_UNUSED_VARIABLE = YES;
				MACOSX_DEPLOYMENT_TARGET = 10.12;
				MTL_ENABLE_DEBUG_INFO = YES;
				ONLY_ACTIVE_ARCH = YES;
				SDKROOT = macosx;
			};
			name = Debug;
		};
		03A5AB301EA9B1F500018063 /* Release */ = {
			isa = XCBuildConfiguration;
			buildSettings = {
				ALWAYS_SEARCH_USER_PATHS = NO;
				CLANG_ANALYZER_NONNULL = YES;
				CLANG_ANALYZER_NUMBER_OBJECT_CONVERSION = YES_AGGRESSIVE;
				CLANG_CXX_LANGUAGE_STANDARD = "gnu++0x";
				CLANG_CXX_LIBRARY = "libc++";
				CLANG_ENABLE_MODULES = YES;
				CLANG_ENABLE_OBJC_ARC = YES;
				CLANG_WARN_BOOL_CONVERSION = YES;
				CLANG_WARN_CONSTANT_CONVERSION = YES;
				CLANG_WARN_DIRECT_OBJC_ISA_USAGE = YES_ERROR;
				CLANG_WARN_DOCUMENTATION_COMMENTS = YES;
				CLANG_WARN_EMPTY_BODY = YES;
				CLANG_WARN_ENUM_CONVERSION = YES;
				CLANG_WARN_INFINITE_RECURSION = YES;
				CLANG_WARN_INT_CONVERSION = YES;
				CLANG_WARN_OBJC_ROOT_CLASS = YES_ERROR;
				CLANG_WARN_SUSPICIOUS_MOVE = YES;
				CLANG_WARN_UNREACHABLE_CODE = YES;
				CLANG_WARN__DUPLICATE_METHOD_MATCH = YES;
				CODE_SIGN_IDENTITY = "-";
				COPY_PHASE_STRIP = NO;
				DEBUG_INFORMATION_FORMAT = "dwarf-with-dsym";
				ENABLE_NS_ASSERTIONS = NO;
				ENABLE_STRICT_OBJC_MSGSEND = YES;
				GCC_C_LANGUAGE_STANDARD = gnu99;
				GCC_NO_COMMON_BLOCKS = YES;
				GCC_WARN_64_TO_32_BIT_CONVERSION = YES;
				GCC_WARN_ABOUT_RETURN_TYPE = YES_ERROR;
				GCC_WARN_UNDECLARED_SELECTOR = YES;
				GCC_WARN_UNINITIALIZED_AUTOS = YES_AGGRESSIVE;
				GCC_WARN_UNUSED_FUNCTION = YES;
				GCC_WARN_UNUSED_VARIABLE = YES;
				MACOSX_DEPLOYMENT_TARGET = 10.12;
				MTL_ENABLE_DEBUG_INFO = NO;
				SDKROOT = macosx;
			};
			name = Release;
		};
		03A5AB321EA9B1F500018063 /* Debug */ = {
			isa = XCBuildConfiguration;
			buildSettings = {
				PRODUCT_NAME = "$(TARGET_NAME)";
			};
			name = Debug;
		};
		03A5AB331EA9B1F500018063 /* Release */ = {
			isa = XCBuildConfiguration;
			buildSettings = {
				PRODUCT_NAME = "$(TARGET_NAME)";
			};
			name = Release;
		};
/* End XCBuildConfiguration section */

/* Begin XCConfigurationList section */
		03A5AB251EA9B1F500018063 /* Build configuration list for PBXProject "Project_1b" */ = {
			isa = XCConfigurationList;
			buildConfigurations = (
				03A5AB2F1EA9B1F500018063 /* Debug */,
				03A5AB301EA9B1F500018063 /* Release */,
			);
			defaultConfigurationIsVisible = 0;
			defaultConfigurationName = Release;
		};
		03A5AB311EA9B1F500018063 /* Build configuration list for PBXNativeTarget "Project_1b" */ = {
			isa = XCConfigurationList;
			buildConfigurations = (
				03A5AB321EA9B1F500018063 /* Debug */,
				03A5AB331EA9B1F500018063 /* Release */,
			);
			defaultConfigurationIsVisible = 0;
		};
/* End XCConfigurationList section */
	};
	rootObject = 03A5AB221EA9B1F500018063 /* Project object */;
}
