// !$*UTF8*$!
{
	archiveVersion = 1;
	classes = {
	};
	objectVersion = 46;
	objects = {

/* Begin PBXBuildFile section */
		038E3DB51EBFBE0F00E05982 /* lab2_add.c in Sources */ = {isa = PBXBuildFile; fileRef = 038E3DB41EBFBE0F00E05982 /* lab2_add.c */; };
/* End PBXBuildFile section */

/* Begin PBXCopyFilesBuildPhase section */
		038E3DAF1EBFBE0F00E05982 /* CopyFiles */ = {
			isa = PBXCopyFilesBuildPhase;
			buildActionMask = 2147483647;
			dstPath = /usr/share/man/man1/;
			dstSubfolderSpec = 0;
			files = (
			);
			runOnlyForDeploymentPostprocessing = 1;
		};
/* End PBXCopyFilesBuildPhase section */

/* Begin PBXFileReference section */
		038E3DB11EBFBE0F00E05982 /* Project_2a */ = {isa = PBXFileReference; explicitFileType = "compiled.mach-o.executable"; includeInIndex = 0; path = Project_2a; sourceTree = BUILT_PRODUCTS_DIR; };
		038E3DB41EBFBE0F00E05982 /* lab2_add.c */ = {isa = PBXFileReference; lastKnownFileType = sourcecode.c.c; path = lab2_add.c; sourceTree = "<group>"; };
/* End PBXFileReference section */

/* Begin PBXFrameworksBuildPhase section */
		038E3DAE1EBFBE0F00E05982 /* Frameworks */ = {
			isa = PBXFrameworksBuildPhase;
			buildActionMask = 2147483647;
			files = (
			);
			runOnlyForDeploymentPostprocessing = 0;
		};
/* End PBXFrameworksBuildPhase section */

/* Begin PBXGroup section */
		038E3DA81EBFBE0F00E05982 = {
			isa = PBXGroup;
			children = (
				038E3DB31EBFBE0F00E05982 /* Project_2a */,
				038E3DB21EBFBE0F00E05982 /* Products */,
			);
			sourceTree = "<group>";
		};
		038E3DB21EBFBE0F00E05982 /* Products */ = {
			isa = PBXGroup;
			children = (
				038E3DB11EBFBE0F00E05982 /* Project_2a */,
			);
			name = Products;
			sourceTree = "<group>";
		};
		038E3DB31EBFBE0F00E05982 /* Project_2a */ = {
			isa = PBXGroup;
			children = (
				038E3DB41EBFBE0F00E05982 /* lab2_add.c */,
			);
			path = Project_2a;
			sourceTree = "<group>";
		};
/* End PBXGroup section */

/* Begin PBXNativeTarget section */
		038E3DB01EBFBE0F00E05982 /* Project_2a */ = {
			isa = PBXNativeTarget;
			buildConfigurationList = 038E3DB81EBFBE0F00E05982 /* Build configuration list for PBXNativeTarget "Project_2a" */;
			buildPhases = (
				038E3DAD1EBFBE0F00E05982 /* Sources */,
				038E3DAE1EBFBE0F00E05982 /* Frameworks */,
				038E3DAF1EBFBE0F00E05982 /* CopyFiles */,
			);
			buildRules = (
			);
			dependencies = (
			);
			name = Project_2a;
			productName = Project_2a;
			productReference = 038E3DB11EBFBE0F00E05982 /* Project_2a */;
			productType = "com.apple.product-type.tool";
		};
/* End PBXNativeTarget section */

/* Begin PBXProject section */
		038E3DA91EBFBE0F00E05982 /* Project object */ = {
			isa = PBXProject;
			attributes = {
				LastUpgradeCheck = 0830;
				ORGANIZATIONNAME = "Jason Less";
				TargetAttributes = {
					038E3DB01EBFBE0F00E05982 = {
						CreatedOnToolsVersion = 8.3.2;
						ProvisioningStyle = Automatic;
					};
				};
			};
			buildConfigurationList = 038E3DAC1EBFBE0F00E05982 /* Build configuration list for PBXProject "Project_2a" */;
			compatibilityVersion = "Xcode 3.2";
			developmentRegion = English;
			hasScannedForEncodings = 0;
			knownRegions = (
				en,
			);
			mainGroup = 038E3DA81EBFBE0F00E05982;
			productRefGroup = 038E3DB21EBFBE0F00E05982 /* Products */;
			projectDirPath = "";
			projectRoot = "";
			targets = (
				038E3DB01EBFBE0F00E05982 /* Project_2a */,
			);
		};
/* End PBXProject section */

/* Begin PBXSourcesBuildPhase section */
		038E3DAD1EBFBE0F00E05982 /* Sources */ = {
			isa = PBXSourcesBuildPhase;
			buildActionMask = 2147483647;
			files = (
				038E3DB51EBFBE0F00E05982 /* lab2_add.c in Sources */,
			);
			runOnlyForDeploymentPostprocessing = 0;
		};
/* End PBXSourcesBuildPhase section */

/* Begin XCBuildConfiguration section */
		038E3DB61EBFBE0F00E05982 /* Debug */ = {
			isa = XCBuildConfiguration;
			buildSettings = {
				ALWAYS_SEARCH_USER_PATHS = NO;
				CLANG_ANALYZER_NONNULL = YES;
				CLANG_ANALYZER_NUMBER_OBJECT_CONVERSION = YES_AGGRESSIVE;
				CLANG_CXX_LANGUAGE_STANDARD = "gnu++0x";
				CLANG_CXX_LIBRARY = "libc++";
				CLANG_ENABLE_MODULES = YES;
				CLANG_ENABLE_OBJC_ARC = YES;
				CLANG_WARN_BOOL_CONVERSION = YES;
				CLANG_WARN_CONSTANT_CONVERSION = YES;
				CLANG_WARN_DIRECT_OBJC_ISA_USAGE = YES_ERROR;
				CLANG_WARN_DOCUMENTATION_COMMENTS = YES;
				CLANG_WARN_EMPTY_BODY = YES;
				CLANG_WARN_ENUM_CONVERSION = YES;
				CLANG_WARN_INFINITE_RECURSION = YES;
				CLANG_WARN_INT_CONVERSION = YES;
				CLANG_WARN_OBJC_ROOT_CLASS = YES_ERROR;
				CLANG_WARN_SUSPICIOUS_MOVE = YES;
				CLANG_WARN_UNREACHABLE_CODE = YES;
				CLANG_WARN__DUPLICATE_METHOD_MATCH = YES;
				CODE_SIGN_IDENTITY = "-";
				COPY_PHASE_STRIP = NO;
				DEBUG_INFORMATION_FORMAT = dwarf;
				ENABLE_STRICT_OBJC_MSGSEND = YES;
				ENABLE_TESTABILITY = YES;
				GCC_C_LANGUAGE_STANDARD = gnu99;
				GCC_DYNAMIC_NO_PIC = NO;
				GCC_NO_COMMON_BLOCKS = YES;
				GCC_OPTIMIZATION_LEVEL = 0;
				GCC_PREPROCESSOR_DEFINITIONS = (
					"DEBUG=1",
					"$(inherited)",
				);
				GCC_WARN_64_TO_32_BIT_CONVERSION = YES;
				GCC_WARN_ABOUT_RETURN_TYPE = YES_ERROR;
				GCC_WARN_UNDECLARED_SELECTOR = YES;
				GCC_WARN_UNINITIALIZED_AUTOS = YES_AGGRESSIVE;
				GCC_WARN_UNUSED_FUNCTION = YES;
				GCC_WARN_UNUSED_VARIABLE = YES;
				MACOSX_DEPLOYMENT_TARGET = 10.12;
				MTL_ENABLE_DEBUG_INFO = YES;
				ONLY_ACTIVE_ARCH = YES;
				SDKROOT = macosx;
			};
			name = Debug;
		};
		038E3DB71EBFBE0F00E05982 /* Release */ = {
			isa = XCBuildConfiguration;
			buildSettings = {
				ALWAYS_SEARCH_USER_PATHS = NO;
				CLANG_ANALYZER_NONNULL = YES;
				CLANG_ANALYZER_NUMBER_OBJECT_CONVERSION = YES_AGGRESSIVE;
				CLANG_CXX_LANGUAGE_STANDARD = "gnu++0x";
				CLANG_CXX_LIBRARY = "libc++";
				CLANG_ENABLE_MODULES = YES;
				CLANG_ENABLE_OBJC_ARC = YES;
				CLANG_WARN_BOOL_CONVERSION = YES;
				CLANG_WARN_CONSTANT_CONVERSION = YES;
				CLANG_WARN_DIRECT_OBJC_ISA_USAGE = YES_ERROR;
				CLANG_WARN_DOCUMENTATION_COMMENTS = YES;
				CLANG_WARN_EMPTY_BODY = YES;
				CLANG_WARN_ENUM_CONVERSION = YES;
				CLANG_WARN_INFINITE_RECURSION = YES;
				CLANG_WARN_INT_CONVERSION = YES;
				CLANG_WARN_OBJC_ROOT_CLASS = YES_ERROR;
				CLANG_WARN_SUSPICIOUS_MOVE = YES;
				CLANG_WARN_UNREACHABLE_CODE = YES;
				CLANG_WARN__DUPLICATE_METHOD_MATCH = YES;
				CODE_SIGN_IDENTITY = "-";
				COPY_PHASE_STRIP = NO;
				DEBUG_INFORMATION_FORMAT = "dwarf-with-dsym";
				ENABLE_NS_ASSERTIONS = NO;
				ENABLE_STRICT_OBJC_MSGSEND = YES;
				GCC_C_LANGUAGE_STANDARD = gnu99;
				GCC_NO_COMMON_BLOCKS = YES;
				GCC_WARN_64_TO_32_BIT_CONVERSION = YES;
				GCC_WARN_ABOUT_RETURN_TYPE = YES_ERROR;
				GCC_WARN_UNDECLARED_SELECTOR = YES;
				GCC_WARN_UNINITIALIZED_AUTOS = YES_AGGRESSIVE;
				GCC_WARN_UNUSED_FUNCTION = YES;
				GCC_WARN_UNUSED_VARIABLE = YES;
				MACOSX_DEPLOYMENT_TARGET = 10.12;
				MTL_ENABLE_DEBUG_INFO = NO;
				SDKROOT = macosx;
			};
			name = Release;
		};
		038E3DB91EBFBE0F00E05982 /* Debug */ = {
			isa = XCBuildConfiguration;
			buildSettings = {
				PRODUCT_NAME = "$(TARGET_NAME)";
			};
			name = Debug;
		};
		038E3DBA1EBFBE0F00E05982 /* Release */ = {
			isa = XCBuildConfiguration;
			buildSettings = {
				PRODUCT_NAME = "$(TARGET_NAME)";
			};
			name = Release;
		};
/* End XCBuildConfiguration section */

/* Begin XCConfigurationList section */
		038E3DAC1EBFBE0F00E05982 /* Build configuration list for PBXProject "Project_2a" */ = {
			isa = XCConfigurationList;
			buildConfigurations = (
				038E3DB61EBFBE0F00E05982 /* Debug */,
				038E3DB71EBFBE0F00E05982 /* Release */,
			);
			defaultConfigurationIsVisible = 0;
			defaultConfigurationName = Release;
		};
		038E3DB81EBFBE0F00E05982 /* Build configuration list for PBXNativeTarget "Project_2a" */ = {
			isa = XCConfigurationList;
			buildConfigurations = (
				038E3DB91EBFBE0F00E05982 /* Debug */,
				038E3DBA1EBFBE0F00E05982 /* Release */,
			);
			defaultConfigurationIsVisible = 0;
		};
/* End XCConfigurationList section */
	};
	rootObject = 038E3DA91EBFBE0F00E05982 /* Project object */;
}
